<Solution>
  <Folder Name="/src/" />
  <Folder Name="/src/backend/">
    <Project Path="src/backend/Sentinela.Api/Sentinela.Api.csproj" Id="6eba4052-3d0b-4216-bbd0-90770998c3a9" />
    <Project Path="src/backend/Sentinela.Application/Sentinela.Application.csproj" Id="43fb4e75-1836-47fe-b5a3-9b08cb5821e7" />
    <Project Path="src/backend/Sentinela.Domain/Sentinela.Domain.csproj" Id="53a31f01-cbb5-46f1-a795-c71e081be246" />
    <Project Path="src/backend/Sentinela.Infrastructure/Sentinela.Infrastructure.csproj" Id="3e7e0e2d-87c2-49e8-bdb4-bc644448ce2d" />
  </Folder>
  <Folder Name="/src/frontend/" />
  <Folder Name="/src/shared/">
    <Project Path="src/shared/Sentinela.Communication/Sentinela.Communication.csproj" Id="1dce5a67-b1ed-4975-aeae-033b5019fd14" />
    <Project Path="src/shared/Sentinela.Exception/Sentinela.Exception.csproj" Id="6c645e96-b680-4aae-936c-6cfc28f83deb" />
  </Folder>
  <Folder Name="/tests/">
    <Project Path="tests/CommonTestUtilities/CommonTestUtilities.csproj" Id="d72c089d-9b22-4954-8977-de88004a837d" />
    <Project Path="tests/Infrastructure.Tests/Infrastructure.Tests.csproj" Id="26aa222a-9ff5-478b-99ba-9581fea2fe14" />
    <Project Path="tests/UseCases.Tests/UseCases.Tests.csproj" Id="89644470-2cc7-4f85-bb1b-85d0b710a2dd" />
    <Project Path="tests/Validators.Tests/Validators.Tests.csproj" Id="1bdefed4-41c2-4005-9520-500e533d03a9" />
    <Project Path="tests/WebApi.Tests/WebApi.Tests.csproj" Id="3a17e19c-b3f1-407b-a876-955b5d9b3f49" />
  </Folder>
</Solution>
